// !$*UTF8*$!
{
	archiveVersion = 1;
	classes = {
	};
	objectVersion = 51;
	objects = {

/* Begin PBXBuildFile section */
		52931F6B4F8BDD84B9FC7E73 /* Pods_hrmph_shows.framework in Frameworks */ = {isa = PBXBuildFile; fileRef = BA2211E737C6F089773F70D8 /* Pods_hrmph_shows.framework */; };
		B8094874282958F000B9B620 /* ModernProfileVC.swift in Sources */ = {isa = PBXBuildFile; fileRef = B8094873282958F000B9B620 /* ModernProfileVC.swift */; };
		B80948762829756200B9B620 /* SearchBarVC.swift in Sources */ = {isa = PBXBuildFile; fileRef = B80948752829756200B9B620 /* SearchBarVC.swift */; };
		B809487828298A3400B9B620 /* SearchBarNextVC.swift in Sources */ = {isa = PBXBuildFile; fileRef = B809487728298A3400B9B620 /* SearchBarNextVC.swift */; };
		B8157BE028209084001B2702 /* ModernHomeVC.swift in Sources */ = {isa = PBXBuildFile; fileRef = B8157BDF28209084001B2702 /* ModernHomeVC.swift */; };
		B84528C12827DA79004B287D /* ModernShowInfoVC.swift in Sources */ = {isa = PBXBuildFile; fileRef = B84528C02827DA79004B287D /* ModernShowInfoVC.swift */; };
		B84528C32827DFBB004B287D /* ShowBackgroundTheme.swift in Sources */ = {isa = PBXBuildFile; fileRef = B84528C22827DFBB004B287D /* ShowBackgroundTheme.swift */; };
		B8663B6A2827760800D3DC13 /* ShowInfoVC.swift in Sources */ = {isa = PBXBuildFile; fileRef = B8663B692827760800D3DC13 /* ShowInfoVC.swift */; };
		B871DEBB282909CB00A40FEA /* SetupViews.swift in Sources */ = {isa = PBXBuildFile; fileRef = B871DEBA282909CB00A40FEA /* SetupViews.swift */; };
		B871DEBD2829118100A40FEA /* ShowInstance.swift in Sources */ = {isa = PBXBuildFile; fileRef = B871DEBC2829118100A40FEA /* ShowInstance.swift */; };
		B871DEC0282911DC00A40FEA /* SearchDelegate.swift in Sources */ = {isa = PBXBuildFile; fileRef = B871DEBF282911DC00A40FEA /* SearchDelegate.swift */; };
		B871DEC22829120100A40FEA /* ReturnedShowCell.swift in Sources */ = {isa = PBXBuildFile; fileRef = B871DEC12829120100A40FEA /* ReturnedShowCell.swift */; };
		B87BB3B8282803ED007BD1C0 /* CastCell.swift in Sources */ = {isa = PBXBuildFile; fileRef = B87BB3B7282803ED007BD1C0 /* CastCell.swift */; };
		B87BB3BA28280450007BD1C0 /* ShowInfoDelegate.swift in Sources */ = {isa = PBXBuildFile; fileRef = B87BB3B928280450007BD1C0 /* ShowInfoDelegate.swift */; };
		B8821DA72825054000A2F0DC /* ShowsModel.swift in Sources */ = {isa = PBXBuildFile; fileRef = B8821DA62825054000A2F0DC /* ShowsModel.swift */; };
		B8821DA9282509DC00A2F0DC /* ShowsViewModel.swift in Sources */ = {isa = PBXBuildFile; fileRef = B8821DA8282509DC00A2F0DC /* ShowsViewModel.swift */; };
		B88517C3282BA748007D1E4F /* SearchListVCDelegate.swift in Sources */ = {isa = PBXBuildFile; fileRef = B88517C2282BA748007D1E4F /* SearchListVCDelegate.swift */; };
		B88550B628218EDE00B27E5E /* CustomTableViewCell.swift in Sources */ = {isa = PBXBuildFile; fileRef = B88550B528218EDE00B27E5E /* CustomTableViewCell.swift */; };
		B89C152E282351C300F59E05 /* ProfileTableViewCell.swift in Sources */ = {isa = PBXBuildFile; fileRef = B89C152D282351C300F59E05 /* ProfileTableViewCell.swift */; };
		B89C15302823AB3500F59E05 /* gif.mp4 in Resources */ = {isa = PBXBuildFile; fileRef = B89C152F2823AB3500F59E05 /* gif.mp4 */; };
		B8A3F957281ED054005970A9 /* MainVC.swift in Sources */ = {isa = PBXBuildFile; fileRef = B8A3F956281ED054005970A9 /* MainVC.swift */; };
		B8A90243281D8BDE00D789F4 /* AppDelegate.swift in Sources */ = {isa = PBXBuildFile; fileRef = B8A90242281D8BDE00D789F4 /* AppDelegate.swift */; };
		B8A90245281D8BDE00D789F4 /* SceneDelegate.swift in Sources */ = {isa = PBXBuildFile; fileRef = B8A90244281D8BDE00D789F4 /* SceneDelegate.swift */; };
		B8A9024A281D8BDE00D789F4 /* Main.storyboard in Resources */ = {isa = PBXBuildFile; fileRef = B8A90248281D8BDE00D789F4 /* Main.storyboard */; };
		B8A9024D281D8BDE00D789F4 /* hrmph_shows.xcdatamodeld in Sources */ = {isa = PBXBuildFile; fileRef = B8A9024B281D8BDE00D789F4 /* hrmph_shows.xcdatamodeld */; };
		B8A9024F281D8BDF00D789F4 /* Assets.xcassets in Resources */ = {isa = PBXBuildFile; fileRef = B8A9024E281D8BDF00D789F4 /* Assets.xcassets */; };
		B8A90252281D8BDF00D789F4 /* LaunchScreen.storyboard in Resources */ = {isa = PBXBuildFile; fileRef = B8A90250281D8BDF00D789F4 /* LaunchScreen.storyboard */; };
		B8A9025D281D8BDF00D789F4 /* hrmph_showsTests.swift in Sources */ = {isa = PBXBuildFile; fileRef = B8A9025C281D8BDF00D789F4 /* hrmph_showsTests.swift */; };
		B8A90268281D8BDF00D789F4 /* hrmph_showsUITests.swift in Sources */ = {isa = PBXBuildFile; fileRef = B8A90267281D8BDF00D789F4 /* hrmph_showsUITests.swift */; };
		B8A9027D281D9E3B00D789F4 /* HomeVC.swift in Sources */ = {isa = PBXBuildFile; fileRef = B8A9027C281D9E3B00D789F4 /* HomeVC.swift */; };
		B8A9027F281D9E5200D789F4 /* FavoritesVC.swift in Sources */ = {isa = PBXBuildFile; fileRef = B8A9027E281D9E5200D789F4 /* FavoritesVC.swift */; };
		B8A90281281D9E6600D789F4 /* SearchResultVC.swift in Sources */ = {isa = PBXBuildFile; fileRef = B8A90280281D9E6600D789F4 /* SearchResultVC.swift */; };
		B8A90283281D9E7800D789F4 /* ProfileVC.swift in Sources */ = {isa = PBXBuildFile; fileRef = B8A90282281D9E7800D789F4 /* ProfileVC.swift */; };
		B8A90286281D9F0500D789F4 /* UICustomize.swift in Sources */ = {isa = PBXBuildFile; fileRef = B8A90285281D9F0500D789F4 /* UICustomize.swift */; };
		B8A90288281DA66900D789F4 /* MainTheme.swift in Sources */ = {isa = PBXBuildFile; fileRef = B8A90287281DA66900D789F4 /* MainTheme.swift */; };
		B8B06404282A757A00896074 /* HeaderCollectionView.swift in Sources */ = {isa = PBXBuildFile; fileRef = B8B06403282A757A00896074 /* HeaderCollectionView.swift */; };
		B8C48586282025BF005F5977 /* TabBarVC.swift in Sources */ = {isa = PBXBuildFile; fileRef = B8C48585282025BF005F5977 /* TabBarVC.swift */; };
		B8C4858B28204D97005F5977 /* PopularCViewCell.swift in Sources */ = {isa = PBXBuildFile; fileRef = B8C4858A28204D97005F5977 /* PopularCViewCell.swift */; };
		B8C4858D28204DEC005F5977 /* MiddleCViewCell.swift in Sources */ = {isa = PBXBuildFile; fileRef = B8C4858C28204DEC005F5977 /* MiddleCViewCell.swift */; };
		B8D5BA1B2824899100301CBA /* clip1.mp4 in Resources */ = {isa = PBXBuildFile; fileRef = B8D5BA192824899000301CBA /* clip1.mp4 */; };
		B8D5BA1C2824899100301CBA /* clip1.mp4 in Resources */ = {isa = PBXBuildFile; fileRef = B8D5BA192824899000301CBA /* clip1.mp4 */; };
		B8D5BA1D2824899100301CBA /* clip1.mp4 in Resources */ = {isa = PBXBuildFile; fileRef = B8D5BA192824899000301CBA /* clip1.mp4 */; };
		B8D5BA2428248C4800301CBA /* runner.mov in Resources */ = {isa = PBXBuildFile; fileRef = B8D5BA2328248C4800301CBA /* runner.mov */; };
		B8D5BA2528248C4800301CBA /* runner.mov in Resources */ = {isa = PBXBuildFile; fileRef = B8D5BA2328248C4800301CBA /* runner.mov */; };
		B8D5BA2628248C4800301CBA /* runner.mov in Resources */ = {isa = PBXBuildFile; fileRef = B8D5BA2328248C4800301CBA /* runner.mov */; };
		B8D5BA2828249AFF00301CBA /* ProfileVCDelegate.swift in Sources */ = {isa = PBXBuildFile; fileRef = B8D5BA2728249AFF00301CBA /* ProfileVCDelegate.swift */; };
		B8D5BA2928249AFF00301CBA /* ProfileVCDelegate.swift in Sources */ = {isa = PBXBuildFile; fileRef = B8D5BA2728249AFF00301CBA /* ProfileVCDelegate.swift */; };
		B8D5BA2A28249AFF00301CBA /* ProfileVCDelegate.swift in Sources */ = {isa = PBXBuildFile; fileRef = B8D5BA2728249AFF00301CBA /* ProfileVCDelegate.swift */; };
		B8D5BA2C28249B2C00301CBA /* ProfileVCSetupTable.swift in Sources */ = {isa = PBXBuildFile; fileRef = B8D5BA2B28249B2C00301CBA /* ProfileVCSetupTable.swift */; };
		B8D5BA2D28249B2C00301CBA /* ProfileVCSetupTable.swift in Sources */ = {isa = PBXBuildFile; fileRef = B8D5BA2B28249B2C00301CBA /* ProfileVCSetupTable.swift */; };
		B8D5BA2E28249B2C00301CBA /* ProfileVCSetupTable.swift in Sources */ = {isa = PBXBuildFile; fileRef = B8D5BA2B28249B2C00301CBA /* ProfileVCSetupTable.swift */; };
		B8E3CADC282A322B00A428EF /* SearchPageVC.swift in Sources */ = {isa = PBXBuildFile; fileRef = B8E3CADB282A322B00A428EF /* SearchPageVC.swift */; };
		B8E660E7282A4AD4000EE498 /* CollectionViewShowsCell.swift in Sources */ = {isa = PBXBuildFile; fileRef = B8E660E6282A4AD4000EE498 /* CollectionViewShowsCell.swift */; };
		B8E660E9282A4B70000EE498 /* SearchPageVCDelegate.swift in Sources */ = {isa = PBXBuildFile; fileRef = B8E660E8282A4B70000EE498 /* SearchPageVCDelegate.swift */; };
		B8F48E1D282B942B00201B8E /* SearchListVC.swift in Sources */ = {isa = PBXBuildFile; fileRef = B8F48E1C282B942B00201B8E /* SearchListVC.swift */; };
/* End PBXBuildFile section */

/* Begin PBXContainerItemProxy section */
		B8A90259281D8BDF00D789F4 /* PBXContainerItemProxy */ = {
			isa = PBXContainerItemProxy;
			containerPortal = B8A90237281D8BDE00D789F4 /* Project object */;
			proxyType = 1;
			remoteGlobalIDString = B8A9023E281D8BDE00D789F4;
			remoteInfo = hrmph_shows;
		};
		B8A90264281D8BDF00D789F4 /* PBXContainerItemProxy */ = {
			isa = PBXContainerItemProxy;
			containerPortal = B8A90237281D8BDE00D789F4 /* Project object */;
			proxyType = 1;
			remoteGlobalIDString = B8A9023E281D8BDE00D789F4;
			remoteInfo = hrmph_shows;
		};
/* End PBXContainerItemProxy section */

/* Begin PBXCopyFilesBuildPhase section */
		B894E4B328246BBD005479F6 /* Copy Files */ = {
			isa = PBXCopyFilesBuildPhase;
			buildActionMask = 2147483647;
			dstPath = "";
			dstSubfolderSpec = 7;
			files = (
			);
			name = "Copy Files";
			runOnlyForDeploymentPostprocessing = 0;
		};
/* End PBXCopyFilesBuildPhase section */

/* Begin PBXFileReference section */
		2F4094B70B70AC4B74AF47AB /* Pods-hrmph_shows.release.xcconfig */ = {isa = PBXFileReference; includeInIndex = 1; lastKnownFileType = text.xcconfig; name = "Pods-hrmph_shows.release.xcconfig"; path = "Target Support Files/Pods-hrmph_shows/Pods-hrmph_shows.release.xcconfig"; sourceTree = "<group>"; };
		B8094873282958F000B9B620 /* ModernProfileVC.swift */ = {isa = PBXFileReference; lastKnownFileType = sourcecode.swift; path = ModernProfileVC.swift; sourceTree = "<group>"; };
		B80948752829756200B9B620 /* SearchBarVC.swift */ = {isa = PBXFileReference; lastKnownFileType = sourcecode.swift; path = SearchBarVC.swift; sourceTree = "<group>"; };
		B809487728298A3400B9B620 /* SearchBarNextVC.swift */ = {isa = PBXFileReference; lastKnownFileType = sourcecode.swift; path = SearchBarNextVC.swift; sourceTree = "<group>"; };
		B8157BDF28209084001B2702 /* ModernHomeVC.swift */ = {isa = PBXFileReference; lastKnownFileType = sourcecode.swift; path = ModernHomeVC.swift; sourceTree = "<group>"; };
		B84528C02827DA79004B287D /* ModernShowInfoVC.swift */ = {isa = PBXFileReference; lastKnownFileType = sourcecode.swift; path = ModernShowInfoVC.swift; sourceTree = "<group>"; };
		B84528C22827DFBB004B287D /* ShowBackgroundTheme.swift */ = {isa = PBXFileReference; lastKnownFileType = sourcecode.swift; path = ShowBackgroundTheme.swift; sourceTree = "<group>"; };
		B8663B692827760800D3DC13 /* ShowInfoVC.swift */ = {isa = PBXFileReference; lastKnownFileType = sourcecode.swift; path = ShowInfoVC.swift; sourceTree = "<group>"; };
		B871DEBA282909CB00A40FEA /* SetupViews.swift */ = {isa = PBXFileReference; lastKnownFileType = sourcecode.swift; path = SetupViews.swift; sourceTree = "<group>"; };
		B871DEBC2829118100A40FEA /* ShowInstance.swift */ = {isa = PBXFileReference; lastKnownFileType = sourcecode.swift; path = ShowInstance.swift; sourceTree = "<group>"; };
		B871DEBF282911DC00A40FEA /* SearchDelegate.swift */ = {isa = PBXFileReference; lastKnownFileType = sourcecode.swift; path = SearchDelegate.swift; sourceTree = "<group>"; };
		B871DEC12829120100A40FEA /* ReturnedShowCell.swift */ = {isa = PBXFileReference; lastKnownFileType = sourcecode.swift; path = ReturnedShowCell.swift; sourceTree = "<group>"; };
		B87BB3B7282803ED007BD1C0 /* CastCell.swift */ = {isa = PBXFileReference; lastKnownFileType = sourcecode.swift; path = CastCell.swift; sourceTree = "<group>"; };
		B87BB3B928280450007BD1C0 /* ShowInfoDelegate.swift */ = {isa = PBXFileReference; lastKnownFileType = sourcecode.swift; path = ShowInfoDelegate.swift; sourceTree = "<group>"; };
		B8821DA62825054000A2F0DC /* ShowsModel.swift */ = {isa = PBXFileReference; lastKnownFileType = sourcecode.swift; path = ShowsModel.swift; sourceTree = "<group>"; };
		B8821DA8282509DC00A2F0DC /* ShowsViewModel.swift */ = {isa = PBXFileReference; lastKnownFileType = sourcecode.swift; path = ShowsViewModel.swift; sourceTree = "<group>"; };
		B88517C2282BA748007D1E4F /* SearchListVCDelegate.swift */ = {isa = PBXFileReference; lastKnownFileType = sourcecode.swift; path = SearchListVCDelegate.swift; sourceTree = "<group>"; };
		B88550B528218EDE00B27E5E /* CustomTableViewCell.swift */ = {isa = PBXFileReference; lastKnownFileType = sourcecode.swift; path = CustomTableViewCell.swift; sourceTree = "<group>"; };
		B89C152D282351C300F59E05 /* ProfileTableViewCell.swift */ = {isa = PBXFileReference; lastKnownFileType = sourcecode.swift; path = ProfileTableViewCell.swift; sourceTree = "<group>"; };
		B89C152F2823AB3500F59E05 /* gif.mp4 */ = {isa = PBXFileReference; lastKnownFileType = file; path = gif.mp4; sourceTree = "<group>"; };
		B8A3F956281ED054005970A9 /* MainVC.swift */ = {isa = PBXFileReference; lastKnownFileType = sourcecode.swift; path = MainVC.swift; sourceTree = "<group>"; };
		B8A9023F281D8BDE00D789F4 /* hrmph_shows.app */ = {isa = PBXFileReference; explicitFileType = wrapper.application; includeInIndex = 0; path = hrmph_shows.app; sourceTree = BUILT_PRODUCTS_DIR; };
		B8A90242281D8BDE00D789F4 /* AppDelegate.swift */ = {isa = PBXFileReference; lastKnownFileType = sourcecode.swift; path = AppDelegate.swift; sourceTree = "<group>"; };
		B8A90244281D8BDE00D789F4 /* SceneDelegate.swift */ = {isa = PBXFileReference; lastKnownFileType = sourcecode.swift; path = SceneDelegate.swift; sourceTree = "<group>"; };
		B8A90249281D8BDE00D789F4 /* Base */ = {isa = PBXFileReference; lastKnownFileType = file.storyboard; name = Base; path = Base.lproj/Main.storyboard; sourceTree = "<group>"; };
		B8A9024C281D8BDE00D789F4 /* hrmph_shows.xcdatamodel */ = {isa = PBXFileReference; lastKnownFileType = wrapper.xcdatamodel; path = hrmph_shows.xcdatamodel; sourceTree = "<group>"; };
		B8A9024E281D8BDF00D789F4 /* Assets.xcassets */ = {isa = PBXFileReference; lastKnownFileType = folder.assetcatalog; path = Assets.xcassets; sourceTree = "<group>"; };
		B8A90251281D8BDF00D789F4 /* Base */ = {isa = PBXFileReference; lastKnownFileType = file.storyboard; name = Base; path = Base.lproj/LaunchScreen.storyboard; sourceTree = "<group>"; };
		B8A90253281D8BDF00D789F4 /* Info.plist */ = {isa = PBXFileReference; lastKnownFileType = text.plist.xml; path = Info.plist; sourceTree = "<group>"; };
		B8A90258281D8BDF00D789F4 /* hrmph_showsTests.xctest */ = {isa = PBXFileReference; explicitFileType = wrapper.cfbundle; includeInIndex = 0; path = hrmph_showsTests.xctest; sourceTree = BUILT_PRODUCTS_DIR; };
		B8A9025C281D8BDF00D789F4 /* hrmph_showsTests.swift */ = {isa = PBXFileReference; lastKnownFileType = sourcecode.swift; path = hrmph_showsTests.swift; sourceTree = "<group>"; };
		B8A9025E281D8BDF00D789F4 /* Info.plist */ = {isa = PBXFileReference; lastKnownFileType = text.plist.xml; path = Info.plist; sourceTree = "<group>"; };
		B8A90263281D8BDF00D789F4 /* hrmph_showsUITests.xctest */ = {isa = PBXFileReference; explicitFileType = wrapper.cfbundle; includeInIndex = 0; path = hrmph_showsUITests.xctest; sourceTree = BUILT_PRODUCTS_DIR; };
		B8A90267281D8BDF00D789F4 /* hrmph_showsUITests.swift */ = {isa = PBXFileReference; lastKnownFileType = sourcecode.swift; path = hrmph_showsUITests.swift; sourceTree = "<group>"; };
		B8A90269281D8BDF00D789F4 /* Info.plist */ = {isa = PBXFileReference; lastKnownFileType = text.plist.xml; path = Info.plist; sourceTree = "<group>"; };
		B8A9027C281D9E3B00D789F4 /* HomeVC.swift */ = {isa = PBXFileReference; lastKnownFileType = sourcecode.swift; path = HomeVC.swift; sourceTree = "<group>"; };
		B8A9027E281D9E5200D789F4 /* FavoritesVC.swift */ = {isa = PBXFileReference; lastKnownFileType = sourcecode.swift; path = FavoritesVC.swift; sourceTree = "<group>"; };
		B8A90280281D9E6600D789F4 /* SearchResultVC.swift */ = {isa = PBXFileReference; lastKnownFileType = sourcecode.swift; path = SearchResultVC.swift; sourceTree = "<group>"; };
		B8A90282281D9E7800D789F4 /* ProfileVC.swift */ = {isa = PBXFileReference; lastKnownFileType = sourcecode.swift; path = ProfileVC.swift; sourceTree = "<group>"; };
		B8A90285281D9F0500D789F4 /* UICustomize.swift */ = {isa = PBXFileReference; lastKnownFileType = sourcecode.swift; path = UICustomize.swift; sourceTree = "<group>"; };
		B8A90287281DA66900D789F4 /* MainTheme.swift */ = {isa = PBXFileReference; lastKnownFileType = sourcecode.swift; path = MainTheme.swift; sourceTree = "<group>"; };
		B8B06403282A757A00896074 /* HeaderCollectionView.swift */ = {isa = PBXFileReference; lastKnownFileType = sourcecode.swift; path = HeaderCollectionView.swift; sourceTree = "<group>"; };
		B8C48585282025BF005F5977 /* TabBarVC.swift */ = {isa = PBXFileReference; lastKnownFileType = sourcecode.swift; path = TabBarVC.swift; sourceTree = "<group>"; };
		B8C4858A28204D97005F5977 /* PopularCViewCell.swift */ = {isa = PBXFileReference; lastKnownFileType = sourcecode.swift; path = PopularCViewCell.swift; sourceTree = "<group>"; };
		B8C4858C28204DEC005F5977 /* MiddleCViewCell.swift */ = {isa = PBXFileReference; lastKnownFileType = sourcecode.swift; path = MiddleCViewCell.swift; sourceTree = "<group>"; };
		B8D5BA192824899000301CBA /* clip1.mp4 */ = {isa = PBXFileReference; lastKnownFileType = file; path = clip1.mp4; sourceTree = "<group>"; };
		B8D5BA2328248C4800301CBA /* runner.mov */ = {isa = PBXFileReference; lastKnownFileType = video.quicktime; path = runner.mov; sourceTree = "<group>"; };
		B8D5BA2728249AFF00301CBA /* ProfileVCDelegate.swift */ = {isa = PBXFileReference; lastKnownFileType = sourcecode.swift; path = ProfileVCDelegate.swift; sourceTree = "<group>"; };
		B8D5BA2B28249B2C00301CBA /* ProfileVCSetupTable.swift */ = {isa = PBXFileReference; lastKnownFileType = sourcecode.swift; path = ProfileVCSetupTable.swift; sourceTree = "<group>"; };
		B8E3CADB282A322B00A428EF /* SearchPageVC.swift */ = {isa = PBXFileReference; lastKnownFileType = sourcecode.swift; path = SearchPageVC.swift; sourceTree = "<group>"; };
		B8E660E6282A4AD4000EE498 /* CollectionViewShowsCell.swift */ = {isa = PBXFileReference; lastKnownFileType = sourcecode.swift; path = CollectionViewShowsCell.swift; sourceTree = "<group>"; };
		B8E660E8282A4B70000EE498 /* SearchPageVCDelegate.swift */ = {isa = PBXFileReference; lastKnownFileType = sourcecode.swift; path = SearchPageVCDelegate.swift; sourceTree = "<group>"; };
		B8F48E1C282B942B00201B8E /* SearchListVC.swift */ = {isa = PBXFileReference; lastKnownFileType = sourcecode.swift; path = SearchListVC.swift; sourceTree = "<group>"; };
		BA2211E737C6F089773F70D8 /* Pods_hrmph_shows.framework */ = {isa = PBXFileReference; explicitFileType = wrapper.framework; includeInIndex = 0; path = Pods_hrmph_shows.framework; sourceTree = BUILT_PRODUCTS_DIR; };
		CA74DDB5638A66187F26B18E /* Pods-hrmph_shows.debug.xcconfig */ = {isa = PBXFileReference; includeInIndex = 1; lastKnownFileType = text.xcconfig; name = "Pods-hrmph_shows.debug.xcconfig"; path = "Target Support Files/Pods-hrmph_shows/Pods-hrmph_shows.debug.xcconfig"; sourceTree = "<group>"; };
/* End PBXFileReference section */

/* Begin PBXFrameworksBuildPhase section */
		B8A9023C281D8BDE00D789F4 /* Frameworks */ = {
			isa = PBXFrameworksBuildPhase;
			buildActionMask = 2147483647;
			files = (
				52931F6B4F8BDD84B9FC7E73 /* Pods_hrmph_shows.framework in Frameworks */,
			);
			runOnlyForDeploymentPostprocessing = 0;
		};
		B8A90255281D8BDF00D789F4 /* Frameworks */ = {
			isa = PBXFrameworksBuildPhase;
			buildActionMask = 2147483647;
			files = (
			);
			runOnlyForDeploymentPostprocessing = 0;
		};
		B8A90260281D8BDF00D789F4 /* Frameworks */ = {
			isa = PBXFrameworksBuildPhase;
			buildActionMask = 2147483647;
			files = (
			);
			runOnlyForDeploymentPostprocessing = 0;
		};
/* End PBXFrameworksBuildPhase section */

/* Begin PBXGroup section */
		655BDCD96E24B4F234264DAA /* Pods */ = {
			isa = PBXGroup;
			children = (
				CA74DDB5638A66187F26B18E /* Pods-hrmph_shows.debug.xcconfig */,
				2F4094B70B70AC4B74AF47AB /* Pods-hrmph_shows.release.xcconfig */,
			);
			path = Pods;
			sourceTree = "<group>";
		};
		78ED256C51D333FCA10B8117 /* Frameworks */ = {
			isa = PBXGroup;
			children = (
				BA2211E737C6F089773F70D8 /* Pods_hrmph_shows.framework */,
			);
			name = Frameworks;
			sourceTree = "<group>";
		};
		B86FC326282A7D2900700D70 /* Cells */ = {
			isa = PBXGroup;
			children = (
				B8E660E6282A4AD4000EE498 /* CollectionViewShowsCell.swift */,
			);
			path = Cells;
			sourceTree = "<group>";
		};
		B871DEBE282911C600A40FEA /* SearchControllers */ = {
			isa = PBXGroup;
			children = (
				B8F48E1A282B939A00201B8E /* MainSearchPage */,
				B8F48E1B282B93CA00201B8E /* SearchList */,
				B80948752829756200B9B620 /* SearchBarVC.swift */,
				B8A90280281D9E6600D789F4 /* SearchResultVC.swift */,
				B809487728298A3400B9B620 /* SearchBarNextVC.swift */,
				B871DEBF282911DC00A40FEA /* SearchDelegate.swift */,
				B8B06403282A757A00896074 /* HeaderCollectionView.swift */,
				B86FC326282A7D2900700D70 /* Cells */,
			);
			path = SearchControllers;
			sourceTree = "<group>";
		};
		B87BB3B62828000F007BD1C0 /* Deprecated */ = {
			isa = PBXGroup;
			children = (
				B8A9027C281D9E3B00D789F4 /* HomeVC.swift */,
				B8663B692827760800D3DC13 /* ShowInfoVC.swift */,
			);
			path = Deprecated;
			sourceTree = "<group>";
		};
		B87BB3BB2828144D007BD1C0 /* ShowInfoController */ = {
			isa = PBXGroup;
			children = (
				B871DEBA282909CB00A40FEA /* SetupViews.swift */,
				B84528C02827DA79004B287D /* ModernShowInfoVC.swift */,
				B87BB3B928280450007BD1C0 /* ShowInfoDelegate.swift */,
			);
			path = ShowInfoController;
			sourceTree = "<group>";
		};
		B88517C4282BAA82007D1E4F /* FavoritesViewController */ = {
			isa = PBXGroup;
			children = (
				B8A9027E281D9E5200D789F4 /* FavoritesVC.swift */,
				B88550B528218EDE00B27E5E /* CustomTableViewCell.swift */,
			);
			path = FavoritesViewController;
			sourceTree = "<group>";
		};
		B8A90236281D8BDE00D789F4 = {
			isa = PBXGroup;
			children = (
				B8A90241281D8BDE00D789F4 /* hrmph_shows */,
				B8A9025B281D8BDF00D789F4 /* hrmph_showsTests */,
				B8A90266281D8BDF00D789F4 /* hrmph_showsUITests */,
				B8A90240281D8BDE00D789F4 /* Products */,
				655BDCD96E24B4F234264DAA /* Pods */,
				78ED256C51D333FCA10B8117 /* Frameworks */,
			);
			sourceTree = "<group>";
		};
		B8A90240281D8BDE00D789F4 /* Products */ = {
			isa = PBXGroup;
			children = (
				B8A9023F281D8BDE00D789F4 /* hrmph_shows.app */,
				B8A90258281D8BDF00D789F4 /* hrmph_showsTests.xctest */,
				B8A90263281D8BDF00D789F4 /* hrmph_showsUITests.xctest */,
			);
			name = Products;
			sourceTree = "<group>";
		};
		B8A90241281D8BDE00D789F4 /* hrmph_shows */ = {
			isa = PBXGroup;
			children = (
				B8A9027A281D96DD00D789F4 /* Support */,
				B8A90279281D96B100D789F4 /* MainDelegate */,
				B8A90276281D8C2100D789F4 /* Views */,
				B8A90277281D8C2900D789F4 /* ViewModels */,
				B8A90275281D8C1700D789F4 /* Models */,
				B8A9024B281D8BDE00D789F4 /* hrmph_shows.xcdatamodeld */,
			);
			path = hrmph_shows;
			sourceTree = "<group>";
		};
		B8A9025B281D8BDF00D789F4 /* hrmph_showsTests */ = {
			isa = PBXGroup;
			children = (
				B8A9025C281D8BDF00D789F4 /* hrmph_showsTests.swift */,
				B8A9025E281D8BDF00D789F4 /* Info.plist */,
			);
			path = hrmph_showsTests;
			sourceTree = "<group>";
		};
		B8A90266281D8BDF00D789F4 /* hrmph_showsUITests */ = {
			isa = PBXGroup;
			children = (
				B8A90267281D8BDF00D789F4 /* hrmph_showsUITests.swift */,
				B8A90269281D8BDF00D789F4 /* Info.plist */,
			);
			path = hrmph_showsUITests;
			sourceTree = "<group>";
		};
		B8A90275281D8C1700D789F4 /* Models */ = {
			isa = PBXGroup;
			children = (
				B8821DA62825054000A2F0DC /* ShowsModel.swift */,
				B871DEBC2829118100A40FEA /* ShowInstance.swift */,
			);
			path = Models;
			sourceTree = "<group>";
		};
		B8A90276281D8C2100D789F4 /* Views */ = {
			isa = PBXGroup;
			children = (
				B8C4858728204557005F5977 /* Cells */,
				B8A9027B281D981800D789F4 /* Controllers */,
				B8A90278281D967200D789F4 /* Storyboard */,
				B8A90284281D9ED100D789F4 /* Utils */,
				B8A90287281DA66900D789F4 /* MainTheme.swift */,
				B84528C22827DFBB004B287D /* ShowBackgroundTheme.swift */,
			);
			path = Views;
			sourceTree = "<group>";
		};
		B8A90277281D8C2900D789F4 /* ViewModels */ = {
			isa = PBXGroup;
			children = (
				B8821DA8282509DC00A2F0DC /* ShowsViewModel.swift */,
			);
			path = ViewModels;
			sourceTree = "<group>";
		};
		B8A90278281D967200D789F4 /* Storyboard */ = {
			isa = PBXGroup;
			children = (
				B8A90248281D8BDE00D789F4 /* Main.storyboard */,
				B8A90250281D8BDF00D789F4 /* LaunchScreen.storyboard */,
			);
			path = Storyboard;
			sourceTree = "<group>";
		};
		B8A90279281D96B100D789F4 /* MainDelegate */ = {
			isa = PBXGroup;
			children = (
				B8A90242281D8BDE00D789F4 /* AppDelegate.swift */,
				B8A90244281D8BDE00D789F4 /* SceneDelegate.swift */,
			);
			path = MainDelegate;
			sourceTree = "<group>";
		};
		B8A9027A281D96DD00D789F4 /* Support */ = {
			isa = PBXGroup;
			children = (
				B8E660E5282A3AD7000EE498 /* VideosForBackground */,
				B8A9024E281D8BDF00D789F4 /* Assets.xcassets */,
				B8A90253281D8BDF00D789F4 /* Info.plist */,
			);
			path = Support;
			sourceTree = "<group>";
		};
		B8A9027B281D981800D789F4 /* Controllers */ = {
			isa = PBXGroup;
			children = (
				B88517C4282BAA82007D1E4F /* FavoritesViewController */,
				B871DEBE282911C600A40FEA /* SearchControllers */,
				B87BB3BB2828144D007BD1C0 /* ShowInfoController */,
				B8D5BA2F28249B7C00301CBA /* ProfileViewController */,
				B87BB3B62828000F007BD1C0 /* Deprecated */,
				B8157BDF28209084001B2702 /* ModernHomeVC.swift */,
				B8A3F956281ED054005970A9 /* MainVC.swift */,
				B8C48585282025BF005F5977 /* TabBarVC.swift */,
			);
			path = Controllers;
			sourceTree = "<group>";
		};
		B8A90284281D9ED100D789F4 /* Utils */ = {
			isa = PBXGroup;
			children = (
				B8A90285281D9F0500D789F4 /* UICustomize.swift */,
			);
			path = Utils;
			sourceTree = "<group>";
		};
		B8C4858728204557005F5977 /* Cells */ = {
			isa = PBXGroup;
			children = (
				B8C4858A28204D97005F5977 /* PopularCViewCell.swift */,
				B8C4858C28204DEC005F5977 /* MiddleCViewCell.swift */,
				B87BB3B7282803ED007BD1C0 /* CastCell.swift */,
			);
			path = Cells;
			sourceTree = "<group>";
		};
		B8D5BA2F28249B7C00301CBA /* ProfileViewController */ = {
			isa = PBXGroup;
			children = (
				B8A90282281D9E7800D789F4 /* ProfileVC.swift */,
				B8D5BA2728249AFF00301CBA /* ProfileVCDelegate.swift */,
				B8D5BA2B28249B2C00301CBA /* ProfileVCSetupTable.swift */,
				B89C152D282351C300F59E05 /* ProfileTableViewCell.swift */,
				B8094873282958F000B9B620 /* ModernProfileVC.swift */,
			);
			path = ProfileViewController;
			sourceTree = "<group>";
		};
		B8E660E5282A3AD7000EE498 /* VideosForBackground */ = {
			isa = PBXGroup;
			children = (
				B8D5BA192824899000301CBA /* clip1.mp4 */,
				B89C152F2823AB3500F59E05 /* gif.mp4 */,
				B8D5BA2328248C4800301CBA /* runner.mov */,
			);
			path = VideosForBackground;
			sourceTree = "<group>";
		};
		B8F48E1A282B939A00201B8E /* MainSearchPage */ = {
			isa = PBXGroup;
			children = (
				B8E3CADB282A322B00A428EF /* SearchPageVC.swift */,
				B8E660E8282A4B70000EE498 /* SearchPageVCDelegate.swift */,
			);
			path = MainSearchPage;
			sourceTree = "<group>";
		};
		B8F48E1B282B93CA00201B8E /* SearchList */ = {
			isa = PBXGroup;
			children = (
				B8F48E1C282B942B00201B8E /* SearchListVC.swift */,
				B88517C2282BA748007D1E4F /* SearchListVCDelegate.swift */,
				B871DEC12829120100A40FEA /* ReturnedShowCell.swift */,
			);
			path = SearchList;
			sourceTree = "<group>";
		};
/* End PBXGroup section */

/* Begin PBXNativeTarget section */
		B8A9023E281D8BDE00D789F4 /* hrmph_shows */ = {
			isa = PBXNativeTarget;
			buildConfigurationList = B8A9026C281D8BDF00D789F4 /* Build configuration list for PBXNativeTarget "hrmph_shows" */;
			buildPhases = (
				011E4258BC351F5E3249164F /* [CP] Check Pods Manifest.lock */,
				B8A9023B281D8BDE00D789F4 /* Sources */,
				B8A9023C281D8BDE00D789F4 /* Frameworks */,
				B8A9023D281D8BDE00D789F4 /* Resources */,
				E86D240A83339DF037CDA9DE /* [CP] Embed Pods Frameworks */,
				B894E4B328246BBD005479F6 /* Copy Files */,
			);
			buildRules = (
			);
			dependencies = (
			);
			name = hrmph_shows;
			productName = hrmph_shows;
			productReference = B8A9023F281D8BDE00D789F4 /* hrmph_shows.app */;
			productType = "com.apple.product-type.application";
		};
		B8A90257281D8BDF00D789F4 /* hrmph_showsTests */ = {
			isa = PBXNativeTarget;
			buildConfigurationList = B8A9026F281D8BDF00D789F4 /* Build configuration list for PBXNativeTarget "hrmph_showsTests" */;
			buildPhases = (
				B8A90254281D8BDF00D789F4 /* Sources */,
				B8A90255281D8BDF00D789F4 /* Frameworks */,
				B8A90256281D8BDF00D789F4 /* Resources */,
			);
			buildRules = (
			);
			dependencies = (
				B8A9025A281D8BDF00D789F4 /* PBXTargetDependency */,
			);
			name = hrmph_showsTests;
			productName = hrmph_showsTests;
			productReference = B8A90258281D8BDF00D789F4 /* hrmph_showsTests.xctest */;
			productType = "com.apple.product-type.bundle.unit-test";
		};
		B8A90262281D8BDF00D789F4 /* hrmph_showsUITests */ = {
			isa = PBXNativeTarget;
			buildConfigurationList = B8A90272281D8BDF00D789F4 /* Build configuration list for PBXNativeTarget "hrmph_showsUITests" */;
			buildPhases = (
				B8A9025F281D8BDF00D789F4 /* Sources */,
				B8A90260281D8BDF00D789F4 /* Frameworks */,
				B8A90261281D8BDF00D789F4 /* Resources */,
			);
			buildRules = (
			);
			dependencies = (
				B8A90265281D8BDF00D789F4 /* PBXTargetDependency */,
			);
			name = hrmph_showsUITests;
			productName = hrmph_showsUITests;
			productReference = B8A90263281D8BDF00D789F4 /* hrmph_showsUITests.xctest */;
			productType = "com.apple.product-type.bundle.ui-testing";
		};
/* End PBXNativeTarget section */

/* Begin PBXProject section */
		B8A90237281D8BDE00D789F4 /* Project object */ = {
			isa = PBXProject;
			attributes = {
				LastSwiftUpdateCheck = 1130;
				LastUpgradeCheck = 1130;
				ORGANIZATIONNAME = "Roman CHAIKIN";
				TargetAttributes = {
					B8A9023E281D8BDE00D789F4 = {
						CreatedOnToolsVersion = 11.3.1;
					};
					B8A90257281D8BDF00D789F4 = {
						CreatedOnToolsVersion = 11.3.1;
						TestTargetID = B8A9023E281D8BDE00D789F4;
					};
					B8A90262281D8BDF00D789F4 = {
						CreatedOnToolsVersion = 11.3.1;
						TestTargetID = B8A9023E281D8BDE00D789F4;
					};
				};
			};
			buildConfigurationList = B8A9023A281D8BDE00D789F4 /* Build configuration list for PBXProject "hrmph_shows" */;
			compatibilityVersion = "Xcode 9.3";
			developmentRegion = en;
			hasScannedForEncodings = 0;
			knownRegions = (
				en,
				Base,
			);
			mainGroup = B8A90236281D8BDE00D789F4;
			productRefGroup = B8A90240281D8BDE00D789F4 /* Products */;
			projectDirPath = "";
			projectRoot = "";
			targets = (
				B8A9023E281D8BDE00D789F4 /* hrmph_shows */,
				B8A90257281D8BDF00D789F4 /* hrmph_showsTests */,
				B8A90262281D8BDF00D789F4 /* hrmph_showsUITests */,
			);
		};
/* End PBXProject section */

/* Begin PBXResourcesBuildPhase section */
		B8A9023D281D8BDE00D789F4 /* Resources */ = {
			isa = PBXResourcesBuildPhase;
			buildActionMask = 2147483647;
			files = (
				B8A90252281D8BDF00D789F4 /* LaunchScreen.storyboard in Resources */,
				B8A9024F281D8BDF00D789F4 /* Assets.xcassets in Resources */,
				B8D5BA2428248C4800301CBA /* runner.mov in Resources */,
				B8D5BA1B2824899100301CBA /* clip1.mp4 in Resources */,
				B8A9024A281D8BDE00D789F4 /* Main.storyboard in Resources */,
				B89C15302823AB3500F59E05 /* gif.mp4 in Resources */,
			);
			runOnlyForDeploymentPostprocessing = 0;
		};
		B8A90256281D8BDF00D789F4 /* Resources */ = {
			isa = PBXResourcesBuildPhase;
			buildActionMask = 2147483647;
			files = (
				B8D5BA2528248C4800301CBA /* runner.mov in Resources */,
				B8D5BA1C2824899100301CBA /* clip1.mp4 in Resources */,
			);
			runOnlyForDeploymentPostprocessing = 0;
		};
		B8A90261281D8BDF00D789F4 /* Resources */ = {
			isa = PBXResourcesBuildPhase;
			buildActionMask = 2147483647;
			files = (
				B8D5BA2628248C4800301CBA /* runner.mov in Resources */,
				B8D5BA1D2824899100301CBA /* clip1.mp4 in Resources */,
			);
			runOnlyForDeploymentPostprocessing = 0;
		};
/* End PBXResourcesBuildPhase section */

/* Begin PBXShellScriptBuildPhase section */
		011E4258BC351F5E3249164F /* [CP] Check Pods Manifest.lock */ = {
			isa = PBXShellScriptBuildPhase;
			buildActionMask = 2147483647;
			files = (
			);
			inputFileListPaths = (
			);
			inputPaths = (
				"${PODS_PODFILE_DIR_PATH}/Podfile.lock",
				"${PODS_ROOT}/Manifest.lock",
			);
			name = "[CP] Check Pods Manifest.lock";
			outputFileListPaths = (
			);
			outputPaths = (
				"$(DERIVED_FILE_DIR)/Pods-hrmph_shows-checkManifestLockResult.txt",
			);
			runOnlyForDeploymentPostprocessing = 0;
			shellPath = /bin/sh;
			shellScript = "diff \"${PODS_PODFILE_DIR_PATH}/Podfile.lock\" \"${PODS_ROOT}/Manifest.lock\" > /dev/null\nif [ $? != 0 ] ; then\n    # print error to STDERR\n    echo \"error: The sandbox is not in sync with the Podfile.lock. Run 'pod install' or update your CocoaPods installation.\" >&2\n    exit 1\nfi\n# This output is used by Xcode 'outputs' to avoid re-running this script phase.\necho \"SUCCESS\" > \"${SCRIPT_OUTPUT_FILE_0}\"\n";
			showEnvVarsInLog = 0;
		};
		E86D240A83339DF037CDA9DE /* [CP] Embed Pods Frameworks */ = {
			isa = PBXShellScriptBuildPhase;
			buildActionMask = 2147483647;
			files = (
			);
			inputFileListPaths = (
				"${PODS_ROOT}/Target Support Files/Pods-hrmph_shows/Pods-hrmph_shows-frameworks-${CONFIGURATION}-input-files.xcfilelist",
			);
			name = "[CP] Embed Pods Frameworks";
			outputFileListPaths = (
				"${PODS_ROOT}/Target Support Files/Pods-hrmph_shows/Pods-hrmph_shows-frameworks-${CONFIGURATION}-output-files.xcfilelist",
			);
			runOnlyForDeploymentPostprocessing = 0;
			shellPath = /bin/sh;
			shellScript = "\"${PODS_ROOT}/Target Support Files/Pods-hrmph_shows/Pods-hrmph_shows-frameworks.sh\"\n";
			showEnvVarsInLog = 0;
		};
/* End PBXShellScriptBuildPhase section */

/* Begin PBXSourcesBuildPhase section */
		B8A9023B281D8BDE00D789F4 /* Sources */ = {
			isa = PBXSourcesBuildPhase;
			buildActionMask = 2147483647;
			files = (
				B8A9027D281D9E3B00D789F4 /* HomeVC.swift in Sources */,
				B8B06404282A757A00896074 /* HeaderCollectionView.swift in Sources */,
				B88550B628218EDE00B27E5E /* CustomTableViewCell.swift in Sources */,
				B8F48E1D282B942B00201B8E /* SearchListVC.swift in Sources */,
				B8663B6A2827760800D3DC13 /* ShowInfoVC.swift in Sources */,
				B871DEBD2829118100A40FEA /* ShowInstance.swift in Sources */,
				B8A9027F281D9E5200D789F4 /* FavoritesVC.swift in Sources */,
				B87BB3B8282803ED007BD1C0 /* CastCell.swift in Sources */,
				B84528C12827DA79004B287D /* ModernShowInfoVC.swift in Sources */,
				B8821DA9282509DC00A2F0DC /* ShowsViewModel.swift in Sources */,
				B871DEC0282911DC00A40FEA /* SearchDelegate.swift in Sources */,
				B8E660E9282A4B70000EE498 /* SearchPageVCDelegate.swift in Sources */,
				B8A90243281D8BDE00D789F4 /* AppDelegate.swift in Sources */,
				B8C4858B28204D97005F5977 /* PopularCViewCell.swift in Sources */,
				B871DEC22829120100A40FEA /* ReturnedShowCell.swift in Sources */,
				B8C4858D28204DEC005F5977 /* MiddleCViewCell.swift in Sources */,
				B8A3F957281ED054005970A9 /* MainVC.swift in Sources */,
				B8A90288281DA66900D789F4 /* MainTheme.swift in Sources */,
				B8157BE028209084001B2702 /* ModernHomeVC.swift in Sources */,
				B8D5BA2828249AFF00301CBA /* ProfileVCDelegate.swift in Sources */,
				B8A90283281D9E7800D789F4 /* ProfileVC.swift in Sources */,
				B89C152E282351C300F59E05 /* ProfileTableViewCell.swift in Sources */,
				B8E660E7282A4AD4000EE498 /* CollectionViewShowsCell.swift in Sources */,
				B88517C3282BA748007D1E4F /* SearchListVCDelegate.swift in Sources */,
				B809487828298A3400B9B620 /* SearchBarNextVC.swift in Sources */,
				B87BB3BA28280450007BD1C0 /* ShowInfoDelegate.swift in Sources */,
				B8A9024D281D8BDE00D789F4 /* hrmph_shows.xcdatamodeld in Sources */,
				B8821DA72825054000A2F0DC /* ShowsModel.swift in Sources */,
				B8A90245281D8BDE00D789F4 /* SceneDelegate.swift in Sources */,
				B8A90281281D9E6600D789F4 /* SearchResultVC.swift in Sources */,
				B8C48586282025BF005F5977 /* TabBarVC.swift in Sources */,
				B8094874282958F000B9B620 /* ModernProfileVC.swift in Sources */,
				B84528C32827DFBB004B287D /* ShowBackgroundTheme.swift in Sources */,
				B8D5BA2C28249B2C00301CBA /* ProfileVCSetupTable.swift in Sources */,
				B871DEBB282909CB00A40FEA /* SetupViews.swift in Sources */,
				B80948762829756200B9B620 /* SearchBarVC.swift in Sources */,
				B8A90286281D9F0500D789F4 /* UICustomize.swift in Sources */,
				B8E3CADC282A322B00A428EF /* SearchPageVC.swift in Sources */,
			);
			runOnlyForDeploymentPostprocessing = 0;
		};
		B8A90254281D8BDF00D789F4 /* Sources */ = {
			isa = PBXSourcesBuildPhase;
			buildActionMask = 2147483647;
			files = (
				B8D5BA2928249AFF00301CBA /* ProfileVCDelegate.swift in Sources */,
				B8D5BA2D28249B2C00301CBA /* ProfileVCSetupTable.swift in Sources */,
				B8A9025D281D8BDF00D789F4 /* hrmph_showsTests.swift in Sources */,
			);
			runOnlyForDeploymentPostprocessing = 0;
		};
		B8A9025F281D8BDF00D789F4 /* Sources */ = {
			isa = PBXSourcesBuildPhase;
			buildActionMask = 2147483647;
			files = (
				B8D5BA2A28249AFF00301CBA /* ProfileVCDelegate.swift in Sources */,
				B8D5BA2E28249B2C00301CBA /* ProfileVCSetupTable.swift in Sources */,
				B8A90268281D8BDF00D789F4 /* hrmph_showsUITests.swift in Sources */,
			);
			runOnlyForDeploymentPostprocessing = 0;
		};
/* End PBXSourcesBuildPhase section */

/* Begin PBXTargetDependency section */
		B8A9025A281D8BDF00D789F4 /* PBXTargetDependency */ = {
			isa = PBXTargetDependency;
			target = B8A9023E281D8BDE00D789F4 /* hrmph_shows */;
			targetProxy = B8A90259281D8BDF00D789F4 /* PBXContainerItemProxy */;
		};
		B8A90265281D8BDF00D789F4 /* PBXTargetDependency */ = {
			isa = PBXTargetDependency;
			target = B8A9023E281D8BDE00D789F4 /* hrmph_shows */;
			targetProxy = B8A90264281D8BDF00D789F4 /* PBXContainerItemProxy */;
		};
/* End PBXTargetDependency section */

/* Begin PBXVariantGroup section */
		B8A90248281D8BDE00D789F4 /* Main.storyboard */ = {
			isa = PBXVariantGroup;
			children = (
				B8A90249281D8BDE00D789F4 /* Base */,
			);
			name = Main.storyboard;
			sourceTree = "<group>";
		};
		B8A90250281D8BDF00D789F4 /* LaunchScreen.storyboard */ = {
			isa = PBXVariantGroup;
			children = (
				B8A90251281D8BDF00D789F4 /* Base */,
			);
			name = LaunchScreen.storyboard;
			sourceTree = "<group>";
		};
/* End PBXVariantGroup section */

/* Begin XCBuildConfiguration section */
		B8A9026A281D8BDF00D789F4 /* Debug */ = {
			isa = XCBuildConfiguration;
			buildSettings = {
				ALWAYS_SEARCH_USER_PATHS = NO;
				CLANG_ANALYZER_NONNULL = YES;
				CLANG_ANALYZER_NUMBER_OBJECT_CONVERSION = YES_AGGRESSIVE;
				CLANG_CXX_LANGUAGE_STANDARD = "gnu++14";
				CLANG_CXX_LIBRARY = "libc++";
				CLANG_ENABLE_MODULES = YES;
				CLANG_ENABLE_OBJC_ARC = YES;
				CLANG_ENABLE_OBJC_WEAK = YES;
				CLANG_WARN_BLOCK_CAPTURE_AUTORELEASING = YES;
				CLANG_WARN_BOOL_CONVERSION = YES;
				CLANG_WARN_COMMA = YES;
				CLANG_WARN_CONSTANT_CONVERSION = YES;
				CLANG_WARN_DEPRECATED_OBJC_IMPLEMENTATIONS = YES;
				CLANG_WARN_DIRECT_OBJC_ISA_USAGE = YES_ERROR;
				CLANG_WARN_DOCUMENTATION_COMMENTS = YES;
				CLANG_WARN_EMPTY_BODY = YES;
				CLANG_WARN_ENUM_CONVERSION = YES;
				CLANG_WARN_INFINITE_RECURSION = YES;
				CLANG_WARN_INT_CONVERSION = YES;
				CLANG_WARN_NON_LITERAL_NULL_CONVERSION = YES;
				CLANG_WARN_OBJC_IMPLICIT_RETAIN_SELF = YES;
				CLANG_WARN_OBJC_LITERAL_CONVERSION = YES;
				CLANG_WARN_OBJC_ROOT_CLASS = YES_ERROR;
				CLANG_WARN_RANGE_LOOP_ANALYSIS = YES;
				CLANG_WARN_STRICT_PROTOTYPES = YES;
				CLANG_WARN_SUSPICIOUS_MOVE = YES;
				CLANG_WARN_UNGUARDED_AVAILABILITY = YES_AGGRESSIVE;
				CLANG_WARN_UNREACHABLE_CODE = YES;
				CLANG_WARN__DUPLICATE_METHOD_MATCH = YES;
				COPY_PHASE_STRIP = NO;
				DEBUG_INFORMATION_FORMAT = dwarf;
				ENABLE_STRICT_OBJC_MSGSEND = YES;
				ENABLE_TESTABILITY = YES;
				GCC_C_LANGUAGE_STANDARD = gnu11;
				GCC_DYNAMIC_NO_PIC = NO;
				GCC_NO_COMMON_BLOCKS = YES;
				GCC_OPTIMIZATION_LEVEL = 0;
				GCC_PREPROCESSOR_DEFINITIONS = (
					"DEBUG=1",
					"$(inherited)",
				);
				GCC_WARN_64_TO_32_BIT_CONVERSION = YES;
				GCC_WARN_ABOUT_RETURN_TYPE = YES_ERROR;
				GCC_WARN_UNDECLARED_SELECTOR = YES;
				GCC_WARN_UNINITIALIZED_AUTOS = YES_AGGRESSIVE;
				GCC_WARN_UNUSED_FUNCTION = YES;
				GCC_WARN_UNUSED_VARIABLE = YES;
				IPHONEOS_DEPLOYMENT_TARGET = 13.2;
				MTL_ENABLE_DEBUG_INFO = INCLUDE_SOURCE;
				MTL_FAST_MATH = YES;
				ONLY_ACTIVE_ARCH = YES;
				SDKROOT = iphoneos;
				SWIFT_ACTIVE_COMPILATION_CONDITIONS = DEBUG;
				SWIFT_OPTIMIZATION_LEVEL = "-Onone";
			};
			name = Debug;
		};
		B8A9026B281D8BDF00D789F4 /* Release */ = {
			isa = XCBuildConfiguration;
			buildSettings = {
				ALWAYS_SEARCH_USER_PATHS = NO;
				CLANG_ANALYZER_NONNULL = YES;
				CLANG_ANALYZER_NUMBER_OBJECT_CONVERSION = YES_AGGRESSIVE;
				CLANG_CXX_LANGUAGE_STANDARD = "gnu++14";
				CLANG_CXX_LIBRARY = "libc++";
				CLANG_ENABLE_MODULES = YES;
				CLANG_ENABLE_OBJC_ARC = YES;
				CLANG_ENABLE_OBJC_WEAK = YES;
				CLANG_WARN_BLOCK_CAPTURE_AUTORELEASING = YES;
				CLANG_WARN_BOOL_CONVERSION = YES;
				CLANG_WARN_COMMA = YES;
				CLANG_WARN_CONSTANT_CONVERSION = YES;
				CLANG_WARN_DEPRECATED_OBJC_IMPLEMENTATIONS = YES;
				CLANG_WARN_DIRECT_OBJC_ISA_USAGE = YES_ERROR;
				CLANG_WARN_DOCUMENTATION_COMMENTS = YES;
				CLANG_WARN_EMPTY_BODY = YES;
				CLANG_WARN_ENUM_CONVERSION = YES;
				CLANG_WARN_INFINITE_RECURSION = YES;
				CLANG_WARN_INT_CONVERSION = YES;
				CLANG_WARN_NON_LITERAL_NULL_CONVERSION = YES;
				CLANG_WARN_OBJC_IMPLICIT_RETAIN_SELF = YES;
				CLANG_WARN_OBJC_LITERAL_CONVERSION = YES;
				CLANG_WARN_OBJC_ROOT_CLASS = YES_ERROR;
				CLANG_WARN_RANGE_LOOP_ANALYSIS = YES;
				CLANG_WARN_STRICT_PROTOTYPES = YES;
				CLANG_WARN_SUSPICIOUS_MOVE = YES;
				CLANG_WARN_UNGUARDED_AVAILABILITY = YES_AGGRESSIVE;
				CLANG_WARN_UNREACHABLE_CODE = YES;
				CLANG_WARN__DUPLICATE_METHOD_MATCH = YES;
				COPY_PHASE_STRIP = NO;
				DEBUG_INFORMATION_FORMAT = "dwarf-with-dsym";
				ENABLE_NS_ASSERTIONS = NO;
				ENABLE_STRICT_OBJC_MSGSEND = YES;
				GCC_C_LANGUAGE_STANDARD = gnu11;
				GCC_NO_COMMON_BLOCKS = YES;
				GCC_WARN_64_TO_32_BIT_CONVERSION = YES;
				GCC_WARN_ABOUT_RETURN_TYPE = YES_ERROR;
				GCC_WARN_UNDECLARED_SELECTOR = YES;
				GCC_WARN_UNINITIALIZED_AUTOS = YES_AGGRESSIVE;
				GCC_WARN_UNUSED_FUNCTION = YES;
				GCC_WARN_UNUSED_VARIABLE = YES;
				IPHONEOS_DEPLOYMENT_TARGET = 13.2;
				MTL_ENABLE_DEBUG_INFO = NO;
				MTL_FAST_MATH = YES;
				SDKROOT = iphoneos;
				SWIFT_COMPILATION_MODE = wholemodule;
				SWIFT_OPTIMIZATION_LEVEL = "-O";
				VALIDATE_PRODUCT = YES;
			};
			name = Release;
		};
		B8A9026D281D8BDF00D789F4 /* Debug */ = {
			isa = XCBuildConfiguration;
			baseConfigurationReference = CA74DDB5638A66187F26B18E /* Pods-hrmph_shows.debug.xcconfig */;
			buildSettings = {
				ASSETCATALOG_COMPILER_APPICON_NAME = AppIcon;
				CODE_SIGN_STYLE = Automatic;
				INFOPLIST_FILE = hrmph_shows/Support/Info.plist;
				LD_RUNPATH_SEARCH_PATHS = (
					"$(inherited)",
					"@executable_path/Frameworks",
				);
				PRODUCT_BUNDLE_IDENTIFIER = "virusloki.hrmph-shows";
				PRODUCT_NAME = "$(TARGET_NAME)";
				SWIFT_VERSION = 5.0;
				TARGETED_DEVICE_FAMILY = 1;
			};
			name = Debug;
		};
		B8A9026E281D8BDF00D789F4 /* Release */ = {
			isa = XCBuildConfiguration;
			baseConfigurationReference = 2F4094B70B70AC4B74AF47AB /* Pods-hrmph_shows.release.xcconfig */;
			buildSettings = {
				ASSETCATALOG_COMPILER_APPICON_NAME = AppIcon;
				CODE_SIGN_STYLE = Automatic;
				INFOPLIST_FILE = hrmph_shows/Support/Info.plist;
				LD_RUNPATH_SEARCH_PATHS = (
					"$(inherited)",
					"@executable_path/Frameworks",
				);
				PRODUCT_BUNDLE_IDENTIFIER = "virusloki.hrmph-shows";
				PRODUCT_NAME = "$(TARGET_NAME)";
				SWIFT_VERSION = 5.0;
				TARGETED_DEVICE_FAMILY = 1;
			};
			name = Release;
		};
		B8A90270281D8BDF00D789F4 /* Debug */ = {
			isa = XCBuildConfiguration;
			buildSettings = {
				ALWAYS_EMBED_SWIFT_STANDARD_LIBRARIES = YES;
				BUNDLE_LOADER = "$(TEST_HOST)";
				CODE_SIGN_STYLE = Automatic;
				INFOPLIST_FILE = hrmph_showsTests/Info.plist;
				IPHONEOS_DEPLOYMENT_TARGET = 13.2;
				LD_RUNPATH_SEARCH_PATHS = (
					"$(inherited)",
					"@executable_path/Frameworks",
					"@loader_path/Frameworks",
				);
				PRODUCT_BUNDLE_IDENTIFIER = "virusloki.hrmph-showsTests";
				PRODUCT_NAME = "$(TARGET_NAME)";
				SWIFT_VERSION = 5.0;
				TARGETED_DEVICE_FAMILY = "1,2";
				TEST_HOST = "$(BUILT_PRODUCTS_DIR)/hrmph_shows.app/hrmph_shows";
			};
			name = Debug;
		};
		B8A90271281D8BDF00D789F4 /* Release */ = {
			isa = XCBuildConfiguration;
			buildSettings = {
				ALWAYS_EMBED_SWIFT_STANDARD_LIBRARIES = YES;
				BUNDLE_LOADER = "$(TEST_HOST)";
				CODE_SIGN_STYLE = Automatic;
				INFOPLIST_FILE = hrmph_showsTests/Info.plist;
				IPHONEOS_DEPLOYMENT_TARGET = 13.2;
				LD_RUNPATH_SEARCH_PATHS = (
					"$(inherited)",
					"@executable_path/Frameworks",
					"@loader_path/Frameworks",
				);
				PRODUCT_BUNDLE_IDENTIFIER = "virusloki.hrmph-showsTests";
				PRODUCT_NAME = "$(TARGET_NAME)";
				SWIFT_VERSION = 5.0;
				TARGETED_DEVICE_FAMILY = "1,2";
				TEST_HOST = "$(BUILT_PRODUCTS_DIR)/hrmph_shows.app/hrmph_shows";
			};
			name = Release;
		};
		B8A90273281D8BDF00D789F4 /* Debug */ = {
			isa = XCBuildConfiguration;
			buildSettings = {
				ALWAYS_EMBED_SWIFT_STANDARD_LIBRARIES = YES;
				CODE_SIGN_STYLE = Automatic;
				INFOPLIST_FILE = hrmph_showsUITests/Info.plist;
				LD_RUNPATH_SEARCH_PATHS = (
					"$(inherited)",
					"@executable_path/Frameworks",
					"@loader_path/Frameworks",
				);
				PRODUCT_BUNDLE_IDENTIFIER = "virusloki.hrmph-showsUITests";
				PRODUCT_NAME = "$(TARGET_NAME)";
				SWIFT_VERSION = 5.0;
				TARGETED_DEVICE_FAMILY = "1,2";
				TEST_TARGET_NAME = hrmph_shows;
			};
			name = Debug;
		};
		B8A90274281D8BDF00D789F4 /* Release */ = {
			isa = XCBuildConfiguration;
			buildSettings = {
				ALWAYS_EMBED_SWIFT_STANDARD_LIBRARIES = YES;
				CODE_SIGN_STYLE = Automatic;
				INFOPLIST_FILE = hrmph_showsUITests/Info.plist;
				LD_RUNPATH_SEARCH_PATHS = (
					"$(inherited)",
					"@executable_path/Frameworks",
					"@loader_path/Frameworks",
				);
				PRODUCT_BUNDLE_IDENTIFIER = "virusloki.hrmph-showsUITests";
				PRODUCT_NAME = "$(TARGET_NAME)";
				SWIFT_VERSION = 5.0;
				TARGETED_DEVICE_FAMILY = "1,2";
				TEST_TARGET_NAME = hrmph_shows;
			};
			name = Release;
		};
/* End XCBuildConfiguration section */

/* Begin XCConfigurationList section */
		B8A9023A281D8BDE00D789F4 /* Build configuration list for PBXProject "hrmph_shows" */ = {
			isa = XCConfigurationList;
			buildConfigurations = (
				B8A9026A281D8BDF00D789F4 /* Debug */,
				B8A9026B281D8BDF00D789F4 /* Release */,
			);
			defaultConfigurationIsVisible = 0;
			defaultConfigurationName = Release;
		};
		B8A9026C281D8BDF00D789F4 /* Build configuration list for PBXNativeTarget "hrmph_shows" */ = {
			isa = XCConfigurationList;
			buildConfigurations = (
				B8A9026D281D8BDF00D789F4 /* Debug */,
				B8A9026E281D8BDF00D789F4 /* Release */,
			);
			defaultConfigurationIsVisible = 0;
			defaultConfigurationName = Release;
		};
		B8A9026F281D8BDF00D789F4 /* Build configuration list for PBXNativeTarget "hrmph_showsTests" */ = {
			isa = XCConfigurationList;
			buildConfigurations = (
				B8A90270281D8BDF00D789F4 /* Debug */,
				B8A90271281D8BDF00D789F4 /* Release */,
			);
			defaultConfigurationIsVisible = 0;
			defaultConfigurationName = Release;
		};
		B8A90272281D8BDF00D789F4 /* Build configuration list for PBXNativeTarget "hrmph_showsUITests" */ = {
			isa = XCConfigurationList;
			buildConfigurations = (
				B8A90273281D8BDF00D789F4 /* Debug */,
				B8A90274281D8BDF00D789F4 /* Release */,
			);
			defaultConfigurationIsVisible = 0;
			defaultConfigurationName = Release;
		};
/* End XCConfigurationList section */

/* Begin XCVersionGroup section */
		B8A9024B281D8BDE00D789F4 /* hrmph_shows.xcdatamodeld */ = {
			isa = XCVersionGroup;
			children = (
				B8A9024C281D8BDE00D789F4 /* hrmph_shows.xcdatamodel */,
			);
			currentVersion = B8A9024C281D8BDE00D789F4 /* hrmph_shows.xcdatamodel */;
			path = hrmph_shows.xcdatamodeld;
			sourceTree = "<group>";
			versionGroupType = wrapper.xcdatamodel;
		};
/* End XCVersionGroup section */
	};
	rootObject = B8A90237281D8BDE00D789F4 /* Project object */;
}
